PODS:
  - JJCycleView (0.2.0):
    - Kingfisher (~> 6.0.0)
  - Kingfisher (6.0.1)

DEPENDENCIES:
  - JJCycleView (from `../`)

SPEC REPOS:
  trunk:
    - Kingfisher

EXTERNAL SOURCES:
  JJCycleView:
    :path: "../"

SPEC CHECKSUMS:
  JJCycleView: 86eb1eaf866c5f093e22a46b046c7c3a6da55274
  Kingfisher: adde87a4f74f6a3845395769354efff593581740

PODFILE CHECKSUM: 6a15b1841473d3719340b489027d9d992add6093

COCOAPODS: 1.10.2
